
Microsoft Visual Studio Solution File, Format Version 12.00
# Visual Studio 2017
Project("{FAE04EC0-301F-11D3-BF4B-00C04F79EFBC}") = "WebTycoon", "WebTycoon.csproj", "{83D03606-9A67-31CD-FDB6-3CBEEDAD6497}"
EndProject
Project("{FAE04EC0-301F-11D3-BF4B-00C04F79EFBC}") = "WebTycoon.Editor", "WebTycoon.Editor.csproj", "{2AE4F384-6B61-5FB1-993C-2F8A6AEA9725}"
EndProject
Global
	GlobalSection(SolutionConfigurationPlatforms) = preSolution
		Debug|Any CPU = Debug|Any CPU
		Release|Any CPU = Release|Any CPU
	EndGlobalSection
	GlobalSection(ProjectConfigurationPlatforms) = postSolution
		{83D03606-9A67-31CD-FDB6-3CBEEDAD6497}.Debug|Any CPU.ActiveCfg = Debug|Any CPU
		{83D03606-9A67-31CD-FDB6-3CBEEDAD6497}.Debug|Any CPU.Build.0 = Debug|Any CPU
		{83D03606-9A67-31CD-FDB6-3CBEEDAD6497}.Release|Any CPU.ActiveCfg = Release|Any CPU
		{83D03606-9A67-31CD-FDB6-3CBEEDAD6497}.Release|Any CPU.Build.0 = Release|Any CPU
		{2AE4F384-6B61-5FB1-993C-2F8A6AEA9725}.Debug|Any CPU.ActiveCfg = Debug|Any CPU
		{2AE4F384-6B61-5FB1-993C-2F8A6AEA9725}.Debug|Any CPU.Build.0 = Debug|Any CPU
		{2AE4F384-6B61-5FB1-993C-2F8A6AEA9725}.Release|Any CPU.ActiveCfg = Release|Any CPU
		{2AE4F384-6B61-5FB1-993C-2F8A6AEA9725}.Release|Any CPU.Build.0 = Release|Any CPU
	EndGlobalSection
	GlobalSection(SolutionProperties) = preSolution
		HideSolutionNode = FALSE
	EndGlobalSection
EndGlobal
