
Microsoft Visual Studio Solution File, Format Version 11.00
# Visual Studio 2010
Project("{FAE04EC0-301F-11D3-BF4B-00C04F79EFBC}") = "WebTycoon", "Assembly-CSharp.csproj", "{0207944F-AF2C-241B-3A90-3812FF28A1B6}"
EndProject
Project("{FAE04EC0-301F-11D3-BF4B-00C04F79EFBC}") = "WebTycoon", "Assembly-CSharp-Editor.csproj", "{EF28A2D8-778C-4529-1E2B-E636109F8CD0}"
EndProject
Global
	GlobalSection(SolutionConfigurationPlatforms) = preSolution
		Debug|Any CPU = Debug|Any CPU
		Release|Any CPU = Release|Any CPU
	EndGlobalSection
	GlobalSection(ProjectConfigurationPlatforms) = postSolution
		{0207944F-AF2C-241B-3A90-3812FF28A1B6}.Debug|Any CPU.ActiveCfg = Debug|Any CPU
		{0207944F-AF2C-241B-3A90-3812FF28A1B6}.Debug|Any CPU.Build.0 = Debug|Any CPU
		{0207944F-AF2C-241B-3A90-3812FF28A1B6}.Release|Any CPU.ActiveCfg = Release|Any CPU
		{0207944F-AF2C-241B-3A90-3812FF28A1B6}.Release|Any CPU.Build.0 = Release|Any CPU
		{EF28A2D8-778C-4529-1E2B-E636109F8CD0}.Debug|Any CPU.ActiveCfg = Debug|Any CPU
		{EF28A2D8-778C-4529-1E2B-E636109F8CD0}.Debug|Any CPU.Build.0 = Debug|Any CPU
		{EF28A2D8-778C-4529-1E2B-E636109F8CD0}.Release|Any CPU.ActiveCfg = Release|Any CPU
		{EF28A2D8-778C-4529-1E2B-E636109F8CD0}.Release|Any CPU.Build.0 = Release|Any CPU
	EndGlobalSection
	GlobalSection(SolutionProperties) = preSolution
		HideSolutionNode = FALSE
	EndGlobalSection
	GlobalSection(MonoDevelopProperties) = preSolution
		StartupItem = Assembly-CSharp.csproj
	EndGlobalSection
EndGlobal
